github.com/imamzfrr/go-print-slice v1.0.1 h1:JVaq6gdAHiK+Saqh+HFkBx6MZsex6ZCfZ3rgvUzcUfo=
github.com/imamzfrr/go-print-slice v1.0.1/go.mod h1:OPXFApmt0NJX/bCDj021oZscc9ZsEszq2CfWHsUGB8c=
github.com/imamzfrr/go-print-slice v1.0.2 h1:AlZnlqXcA1JW+h7tf2hFuUdPH4MW9gTWZ2K5OQT1w6c=
github.com/imamzfrr/go-print-slice v1.0.2/go.mod h1:OPXFApmt0NJX/bCDj021oZscc9ZsEszq2CfWHsUGB8c=
